
Microsoft Visual Studio Solution File, Format Version 12.00
# Visual Studio Version 17
VisualStudioVersion = 17.5.33627.172
MinimumVisualStudioVersion = 10.0.40219.1
Project("{E24C65DC-7377-472B-9ABA-BC803B73C61A}") = "FacultyInterfaces", ".", "{40201892-5A55-4AB9-AC51-D10B01C3CC66}"
	ProjectSection(WebsiteProperties) = preProject
		TargetFrameworkMoniker = ".NETFramework,Version%3Dv4.7.2"
		Debug.AspNetCompiler.VirtualPath = "/localhost_51901"
		Debug.AspNetCompiler.PhysicalPath = "..\FacultyInterfaces\"
		Debug.AspNetCompiler.TargetPath = "PrecompiledWeb\localhost_51901\"
		Debug.AspNetCompiler.Updateable = "true"
		Debug.AspNetCompiler.ForceOverwrite = "true"
		Debug.AspNetCompiler.FixedNames = "false"
		Debug.AspNetCompiler.Debug = "True"
		Release.AspNetCompiler.VirtualPath = "/localhost_51901"
		Release.AspNetCompiler.PhysicalPath = "..\FacultyInterfaces\"
		Release.AspNetCompiler.TargetPath = "PrecompiledWeb\localhost_51901\"
		Release.AspNetCompiler.Updateable = "true"
		Release.AspNetCompiler.ForceOverwrite = "true"
		Release.AspNetCompiler.FixedNames = "false"
		Release.AspNetCompiler.Debug = "False"
		VWDPort = "51901"
		SlnRelativePath = "..\FacultyInterfaces\"
		DefaultWebSiteLanguage = "Visual C#"
	EndProjectSection
EndProject
Global
	GlobalSection(SolutionConfigurationPlatforms) = preSolution
		Debug|Any CPU = Debug|Any CPU
	EndGlobalSection
	GlobalSection(ProjectConfigurationPlatforms) = postSolution
		{40201892-5A55-4AB9-AC51-D10B01C3CC66}.Debug|Any CPU.ActiveCfg = Debug|Any CPU
		{40201892-5A55-4AB9-AC51-D10B01C3CC66}.Debug|Any CPU.Build.0 = Debug|Any CPU
	EndGlobalSection
	GlobalSection(SolutionProperties) = preSolution
		HideSolutionNode = FALSE
	EndGlobalSection
	GlobalSection(ExtensibilityGlobals) = postSolution
		SolutionGuid = {17121277-1D80-4AD4-8848-1D51C151784B}
	EndGlobalSection
EndGlobal
